{
  "version": 4,
  "terraform_version": "1.8.2",
  "serial": 6,
  "lineage": "6a23b0f5-2826-fc5d-97f3-ff24e66b59ce",
  "outputs": {},
  "resources": [
    {
      "mode": "data",
      "type": "newrelic_notification_destination",
      "name": "slack_destination",
      "provider": "provider[\"registry.terraform.io/newrelic/newrelic\"]",
      "instances": [
        {
          "schema_version": 0,
          "attributes": {
            "account_id": 4411834,
            "active": true,
            "guid": "NDQxMTgzNHxBSU9QU3xERVNUSU5BVElPTnwzZjAwNDQ3MC0wMTFmLTQ2ZDMtYTk4MS02OWMxNzhkNjE4ZTQ",
            "id": "3f004470-011f-46d3-a981-69c178d618e4",
            "name": "xyz",
            "property": [
              {
                "display_value": "",
                "key": "scope",
                "label": "Permissions",
                "value": "app_mentions:read,channels:join,channels:read,chat:write,chat:write.public,commands,groups:read,links:read,links:write,team:read,users:read"
              },
              {
                "display_value": "",
                "key": "teamName",
                "label": "Team Name",
                "value": "xyz"
              }
            ],
            "secure_url": [],
            "status": "DEFAULT",
            "type": "SLACK"
          },
          "sensitive_attributes": []
        }
      ]
    },
    {
      "mode": "managed",
      "type": "newrelic_alert_policy",
      "name": "policy",
      "provider": "provider[\"registry.terraform.io/newrelic/newrelic\"]",
      "instances": [
        {
          "schema_version": 0,
          "attributes": {
            "account_id": 4411834,
            "channel_ids": null,
            "id": "5303087",
            "incident_preference": "PER_POLICY",
            "name": "workflow(slack)-policy"
          },
          "sensitive_attributes": [],
          "private": "bnVsbA=="
        }
      ]
    },
    {
      "mode": "managed",
      "type": "newrelic_notification_channel",
      "name": "notify-channel",
      "provider": "provider[\"registry.terraform.io/newrelic/newrelic\"]",
      "instances": [
        {
          "index_key": "0",
          "schema_version": 0,
          "attributes": {
            "account_id": 4411834,
            "active": true,
            "destination_id": "3f004470-011f-46d3-a981-69c178d618e4",
            "id": "41a18e00-cecc-4966-ade5-5f4659af7544",
            "name": "slack-notification-channel",
            "product": "IINT",
            "property": [
              {
                "display_value": "",
                "key": "channelId",
                "label": "",
                "value": "C071X6N905A"
              }
            ],
            "status": "DEFAULT",
            "type": "SLACK"
          },
          "sensitive_attributes": [],
          "private": "bnVsbA==",
          "dependencies": [
            "data.newrelic_notification_destination.slack_destination",
            "newrelic_notification_destination.email_destination"
          ]
        },
        {
          "index_key": "1",
          "schema_version": 0,
          "attributes": {
            "account_id": 4411834,
            "active": true,
            "destination_id": "636734f3-4673-4c42-a877-5e9e457065ff",
            "id": "cb2886b4-b3f3-4c3a-b23d-14eb071d9e94",
            "name": "email-notification-channel",
            "product": "IINT",
            "property": [
              {
                "display_value": "",
                "key": "email",
                "label": "",
                "value": "himanshisoni2805@gmail.com"
              }
            ],
            "status": "DEFAULT",
            "type": "EMAIL"
          },
          "sensitive_attributes": [],
          "private": "bnVsbA==",
          "dependencies": [
            "data.newrelic_notification_destination.slack_destination",
            "newrelic_notification_destination.email_destination"
          ]
        }
      ]
    },
    {
      "mode": "managed",
      "type": "newrelic_notification_destination",
      "name": "email_destination",
      "provider": "provider[\"registry.terraform.io/newrelic/newrelic\"]",
      "instances": [
        {
          "schema_version": 1,
          "attributes": {
            "account_id": 4411834,
            "active": true,
            "auth_basic": [],
            "auth_custom_header": [],
            "auth_token": [],
            "guid": "NDQxMTgzNHxBSU9QU3xERVNUSU5BVElPTnw2MzY3MzRmMy00NjczLTRjNDItYTg3Ny01ZTllNDU3MDY1ZmY",
            "id": "636734f3-4673-4c42-a877-5e9e457065ff",
            "last_sent": "",
            "name": "email-destination",
            "property": [
              {
                "display_value": "",
                "key": "email",
                "label": "",
                "value": "himanshisoni2805@gmail.com"
              }
            ],
            "secure_url": [],
            "status": "DEFAULT",
            "type": "EMAIL"
          },
          "sensitive_attributes": [],
          "private": "eyJzY2hlbWFfdmVyc2lvbiI6IjEifQ=="
        }
      ]
    }
  ],
  "check_results": null
}
